// !$*UTF8*$!
{
	archiveVersion = 1;
	classes = {
	};
	objectVersion = 46;
	objects = {

/* Begin PBXBuildFile section */
		0461356E1A7EEA030065F0D4 /* main.m in Sources */ = {isa = PBXBuildFile; fileRef = 0461356D1A7EEA030065F0D4 /* main.m */; };
		046135711A7EEA030065F0D4 /* AppDelegate.m in Sources */ = {isa = PBXBuildFile; fileRef = 046135701A7EEA030065F0D4 /* AppDelegate.m */; };
		046135741A7EEA030065F0D4 /* ViewController.m in Sources */ = {isa = PBXBuildFile; fileRef = 046135731A7EEA030065F0D4 /* ViewController.m */; };
		046135771A7EEA030065F0D4 /* Main.storyboard in Resources */ = {isa = PBXBuildFile; fileRef = 046135751A7EEA030065F0D4 /* Main.storyboard */; };
		046135791A7EEA030065F0D4 /* Images.xcassets in Resources */ = {isa = PBXBuildFile; fileRef = 046135781A7EEA030065F0D4 /* Images.xcassets */; };
		0461357C1A7EEA030065F0D4 /* LaunchScreen.xib in Resources */ = {isa = PBXBuildFile; fileRef = 0461357A1A7EEA030065F0D4 /* LaunchScreen.xib */; };
		046135881A7EEA030065F0D4 /* MUGToasterViewExampleTests.m in Sources */ = {isa = PBXBuildFile; fileRef = 046135871A7EEA030065F0D4 /* MUGToasterViewExampleTests.m */; };
		046135941A7EEA4E0065F0D4 /* MUGToasterView.m in Sources */ = {isa = PBXBuildFile; fileRef = 046135931A7EEA4E0065F0D4 /* MUGToasterView.m */; };
		046135961A7EECF20065F0D4 /* high_priority-50@2x.png in Resources */ = {isa = PBXBuildFile; fileRef = 046135951A7EECF20065F0D4 /* high_priority-50@2x.png */; };
		AEAD5180466AC426E2A33C6F /* libPods.a in Frameworks */ = {isa = PBXBuildFile; fileRef = CD3309A3FF0E0F4CFE7AB2A7 /* libPods.a */; };
/* End PBXBuildFile section */

/* Begin PBXContainerItemProxy section */
		046135821A7EEA030065F0D4 /* PBXContainerItemProxy */ = {
			isa = PBXContainerItemProxy;
			containerPortal = 046135601A7EEA030065F0D4 /* Project object */;
			proxyType = 1;
			remoteGlobalIDString = 046135671A7EEA030065F0D4;
			remoteInfo = MUGToasterViewExample;
		};
/* End PBXContainerItemProxy section */

/* Begin PBXFileReference section */
		046135681A7EEA030065F0D4 /* MUGToasterViewExample.app */ = {isa = PBXFileReference; explicitFileType = wrapper.application; includeInIndex = 0; path = MUGToasterViewExample.app; sourceTree = BUILT_PRODUCTS_DIR; };
		0461356C1A7EEA030065F0D4 /* Info.plist */ = {isa = PBXFileReference; lastKnownFileType = text.plist.xml; path = Info.plist; sourceTree = "<group>"; };
		0461356D1A7EEA030065F0D4 /* main.m */ = {isa = PBXFileReference; lastKnownFileType = sourcecode.c.objc; path = main.m; sourceTree = "<group>"; };
		0461356F1A7EEA030065F0D4 /* AppDelegate.h */ = {isa = PBXFileReference; lastKnownFileType = sourcecode.c.h; path = AppDelegate.h; sourceTree = "<group>"; };
		046135701A7EEA030065F0D4 /* AppDelegate.m */ = {isa = PBXFileReference; lastKnownFileType = sourcecode.c.objc; path = AppDelegate.m; sourceTree = "<group>"; };
		046135721A7EEA030065F0D4 /* ViewController.h */ = {isa = PBXFileReference; lastKnownFileType = sourcecode.c.h; path = ViewController.h; sourceTree = "<group>"; };
		046135731A7EEA030065F0D4 /* ViewController.m */ = {isa = PBXFileReference; lastKnownFileType = sourcecode.c.objc; path = ViewController.m; sourceTree = "<group>"; };
		046135761A7EEA030065F0D4 /* Base */ = {isa = PBXFileReference; lastKnownFileType = file.storyboard; name = Base; path = Base.lproj/Main.storyboard; sourceTree = "<group>"; };
		046135781A7EEA030065F0D4 /* Images.xcassets */ = {isa = PBXFileReference; lastKnownFileType = folder.assetcatalog; path = Images.xcassets; sourceTree = "<group>"; };
		0461357B1A7EEA030065F0D4 /* Base */ = {isa = PBXFileReference; lastKnownFileType = file.xib; name = Base; path = Base.lproj/LaunchScreen.xib; sourceTree = "<group>"; };
		046135811A7EEA030065F0D4 /* MUGToasterViewExampleTests.xctest */ = {isa = PBXFileReference; explicitFileType = wrapper.cfbundle; includeInIndex = 0; path = MUGToasterViewExampleTests.xctest; sourceTree = BUILT_PRODUCTS_DIR; };
		046135861A7EEA030065F0D4 /* Info.plist */ = {isa = PBXFileReference; lastKnownFileType = text.plist.xml; path = Info.plist; sourceTree = "<group>"; };
		046135871A7EEA030065F0D4 /* MUGToasterViewExampleTests.m */ = {isa = PBXFileReference; lastKnownFileType = sourcecode.c.objc; path = MUGToasterViewExampleTests.m; sourceTree = "<group>"; };
		046135921A7EEA4E0065F0D4 /* MUGToasterView.h */ = {isa = PBXFileReference; fileEncoding = 4; lastKnownFileType = sourcecode.c.h; name = MUGToasterView.h; path = MUGToasterView/MUGToasterView.h; sourceTree = "<group>"; };
		046135931A7EEA4E0065F0D4 /* MUGToasterView.m */ = {isa = PBXFileReference; fileEncoding = 4; lastKnownFileType = sourcecode.c.objc; name = MUGToasterView.m; path = MUGToasterView/MUGToasterView.m; sourceTree = "<group>"; };
		046135951A7EECF20065F0D4 /* high_priority-50@2x.png */ = {isa = PBXFileReference; lastKnownFileType = image.png; path = "high_priority-50@2x.png"; sourceTree = "<group>"; };
		370F91137A17A531747E3D95 /* Pods.debug.xcconfig */ = {isa = PBXFileReference; includeInIndex = 1; lastKnownFileType = text.xcconfig; name = Pods.debug.xcconfig; path = "Pods/Target Support Files/Pods/Pods.debug.xcconfig"; sourceTree = "<group>"; };
		40D40608BA5E1165784F064B /* Pods.release.xcconfig */ = {isa = PBXFileReference; includeInIndex = 1; lastKnownFileType = text.xcconfig; name = Pods.release.xcconfig; path = "Pods/Target Support Files/Pods/Pods.release.xcconfig"; sourceTree = "<group>"; };
		CD3309A3FF0E0F4CFE7AB2A7 /* libPods.a */ = {isa = PBXFileReference; explicitFileType = archive.ar; includeInIndex = 0; path = libPods.a; sourceTree = BUILT_PRODUCTS_DIR; };
/* End PBXFileReference section */

/* Begin PBXFrameworksBuildPhase section */
		046135651A7EEA030065F0D4 /* Frameworks */ = {
			isa = PBXFrameworksBuildPhase;
			buildActionMask = 2147483647;
			files = (
				AEAD5180466AC426E2A33C6F /* libPods.a in Frameworks */,
			);
			runOnlyForDeploymentPostprocessing = 0;
		};
		0461357E1A7EEA030065F0D4 /* Frameworks */ = {
			isa = PBXFrameworksBuildPhase;
			buildActionMask = 2147483647;
			files = (
			);
			runOnlyForDeploymentPostprocessing = 0;
		};
/* End PBXFrameworksBuildPhase section */

/* Begin PBXGroup section */
		010FB972165C6C53573CE0D5 /* Pods */ = {
			isa = PBXGroup;
			children = (
				370F91137A17A531747E3D95 /* Pods.debug.xcconfig */,
				40D40608BA5E1165784F064B /* Pods.release.xcconfig */,
			);
			name = Pods;
			sourceTree = "<group>";
		};
		0461355F1A7EEA030065F0D4 = {
			isa = PBXGroup;
			children = (
				0461356A1A7EEA030065F0D4 /* MUGToasterViewExample */,
				046135841A7EEA030065F0D4 /* MUGToasterViewExampleTests */,
				046135691A7EEA030065F0D4 /* Products */,
				010FB972165C6C53573CE0D5 /* Pods */,
				EA8C2C4E07038262432BDA15 /* Frameworks */,
			);
			sourceTree = "<group>";
		};
		046135691A7EEA030065F0D4 /* Products */ = {
			isa = PBXGroup;
			children = (
				046135681A7EEA030065F0D4 /* MUGToasterViewExample.app */,
				046135811A7EEA030065F0D4 /* MUGToasterViewExampleTests.xctest */,
			);
			name = Products;
			sourceTree = "<group>";
		};
		0461356A1A7EEA030065F0D4 /* MUGToasterViewExample */ = {
			isa = PBXGroup;
			children = (
				046135911A7EEA0B0065F0D4 /* MUGToasterView */,
				0461356F1A7EEA030065F0D4 /* AppDelegate.h */,
				046135701A7EEA030065F0D4 /* AppDelegate.m */,
				046135721A7EEA030065F0D4 /* ViewController.h */,
				046135731A7EEA030065F0D4 /* ViewController.m */,
				046135751A7EEA030065F0D4 /* Main.storyboard */,
				046135781A7EEA030065F0D4 /* Images.xcassets */,
				0461357A1A7EEA030065F0D4 /* LaunchScreen.xib */,
				0461356B1A7EEA030065F0D4 /* Supporting Files */,
			);
			path = MUGToasterViewExample;
			sourceTree = "<group>";
		};
		0461356B1A7EEA030065F0D4 /* Supporting Files */ = {
			isa = PBXGroup;
			children = (
				0461356C1A7EEA030065F0D4 /* Info.plist */,
				0461356D1A7EEA030065F0D4 /* main.m */,
			);
			name = "Supporting Files";
			sourceTree = "<group>";
		};
		046135841A7EEA030065F0D4 /* MUGToasterViewExampleTests */ = {
			isa = PBXGroup;
			children = (
				046135871A7EEA030065F0D4 /* MUGToasterViewExampleTests.m */,
				046135851A7EEA030065F0D4 /* Supporting Files */,
			);
			path = MUGToasterViewExampleTests;
			sourceTree = "<group>";
		};
		046135851A7EEA030065F0D4 /* Supporting Files */ = {
			isa = PBXGroup;
			children = (
				046135861A7EEA030065F0D4 /* Info.plist */,
			);
			name = "Supporting Files";
			sourceTree = "<group>";
		};
		046135911A7EEA0B0065F0D4 /* MUGToasterView */ = {
			isa = PBXGroup;
			children = (
				046135951A7EECF20065F0D4 /* high_priority-50@2x.png */,
				046135921A7EEA4E0065F0D4 /* MUGToasterView.h */,
				046135931A7EEA4E0065F0D4 /* MUGToasterView.m */,
			);
			name = MUGToasterView;
			sourceTree = "<group>";
		};
		EA8C2C4E07038262432BDA15 /* Frameworks */ = {
			isa = PBXGroup;
			children = (
				CD3309A3FF0E0F4CFE7AB2A7 /* libPods.a */,
			);
			name = Frameworks;
			sourceTree = "<group>";
		};
/* End PBXGroup section */

/* Begin PBXNativeTarget section */
		046135671A7EEA030065F0D4 /* MUGToasterViewExample */ = {
			isa = PBXNativeTarget;
			buildConfigurationList = 0461358B1A7EEA030065F0D4 /* Build configuration list for PBXNativeTarget "MUGToasterViewExample" */;
			buildPhases = (
				F8E89E77A2CB9F4BB0138391 /* Check Pods Manifest.lock */,
				046135641A7EEA030065F0D4 /* Sources */,
				046135651A7EEA030065F0D4 /* Frameworks */,
				046135661A7EEA030065F0D4 /* Resources */,
				FAC1362EF14CB5FF7BB65889 /* Copy Pods Resources */,
			);
			buildRules = (
			);
			dependencies = (
			);
			name = MUGToasterViewExample;
			productName = MUGToasterViewExample;
			productReference = 046135681A7EEA030065F0D4 /* MUGToasterViewExample.app */;
			productType = "com.apple.product-type.application";
		};
		046135801A7EEA030065F0D4 /* MUGToasterViewExampleTests */ = {
			isa = PBXNativeTarget;
			buildConfigurationList = 0461358E1A7EEA030065F0D4 /* Build configuration list for PBXNativeTarget "MUGToasterViewExampleTests" */;
			buildPhases = (
				0461357D1A7EEA030065F0D4 /* Sources */,
				0461357E1A7EEA030065F0D4 /* Frameworks */,
				0461357F1A7EEA030065F0D4 /* Resources */,
			);
			buildRules = (
			);
			dependencies = (
				046135831A7EEA030065F0D4 /* PBXTargetDependency */,
			);
			name = MUGToasterViewExampleTests;
			productName = MUGToasterViewExampleTests;
			productReference = 046135811A7EEA030065F0D4 /* MUGToasterViewExampleTests.xctest */;
			productType = "com.apple.product-type.bundle.unit-test";
		};
/* End PBXNativeTarget section */

/* Begin PBXProject section */
		046135601A7EEA030065F0D4 /* Project object */ = {
			isa = PBXProject;
			attributes = {
				LastUpgradeCheck = 0610;
				ORGANIZATIONNAME = "Anil Ardahanli";
				TargetAttributes = {
					046135671A7EEA030065F0D4 = {
						CreatedOnToolsVersion = 6.1.1;
					};
					046135801A7EEA030065F0D4 = {
						CreatedOnToolsVersion = 6.1.1;
						TestTargetID = 046135671A7EEA030065F0D4;
					};
				};
			};
			buildConfigurationList = 046135631A7EEA030065F0D4 /* Build configuration list for PBXProject "MUGToasterViewExample" */;
			compatibilityVersion = "Xcode 3.2";
			developmentRegion = English;
			hasScannedForEncodings = 0;
			knownRegions = (
				en,
				Base,
			);
			mainGroup = 0461355F1A7EEA030065F0D4;
			productRefGroup = 046135691A7EEA030065F0D4 /* Products */;
			projectDirPath = "";
			projectRoot = "";
			targets = (
				046135671A7EEA030065F0D4 /* MUGToasterViewExample */,
				046135801A7EEA030065F0D4 /* MUGToasterViewExampleTests */,
			);
		};
/* End PBXProject section */

/* Begin PBXResourcesBuildPhase section */
		046135661A7EEA030065F0D4 /* Resources */ = {
			isa = PBXResourcesBuildPhase;
			buildActionMask = 2147483647;
			files = (
				046135771A7EEA030065F0D4 /* Main.storyboard in Resources */,
				0461357C1A7EEA030065F0D4 /* LaunchScreen.xib in Resources */,
				046135961A7EECF20065F0D4 /* high_priority-50@2x.png in Resources */,
				046135791A7EEA030065F0D4 /* Images.xcassets in Resources */,
			);
			runOnlyForDeploymentPostprocessing = 0;
		};
		0461357F1A7EEA030065F0D4 /* Resources */ = {
			isa = PBXResourcesBuildPhase;
			buildActionMask = 2147483647;
			files = (
			);
			runOnlyForDeploymentPostprocessing = 0;
		};
/* End PBXResourcesBuildPhase section */

/* Begin PBXShellScriptBuildPhase section */
		F8E89E77A2CB9F4BB0138391 /* Check Pods Manifest.lock */ = {
			isa = PBXShellScriptBuildPhase;
			buildActionMask = 2147483647;
			files = (
			);
			inputPaths = (
			);
			name = "Check Pods Manifest.lock";
			outputPaths = (
			);
			runOnlyForDeploymentPostprocessing = 0;
			shellPath = /bin/sh;
			shellScript = "diff \"${PODS_ROOT}/../Podfile.lock\" \"${PODS_ROOT}/Manifest.lock\" > /dev/null\nif [[ $? != 0 ]] ; then\n    cat << EOM\nerror: The sandbox is not in sync with the Podfile.lock. Run 'pod install' or update your CocoaPods installation.\nEOM\n    exit 1\nfi\n";
			showEnvVarsInLog = 0;
		};
		FAC1362EF14CB5FF7BB65889 /* Copy Pods Resources */ = {
			isa = PBXShellScriptBuildPhase;
			buildActionMask = 2147483647;
			files = (
			);
			inputPaths = (
			);
			name = "Copy Pods Resources";
			outputPaths = (
			);
			runOnlyForDeploymentPostprocessing = 0;
			shellPath = /bin/sh;
			shellScript = "\"${SRCROOT}/Pods/Target Support Files/Pods/Pods-resources.sh\"\n";
			showEnvVarsInLog = 0;
		};
/* End PBXShellScriptBuildPhase section */

/* Begin PBXSourcesBuildPhase section */
		046135641A7EEA030065F0D4 /* Sources */ = {
			isa = PBXSourcesBuildPhase;
			buildActionMask = 2147483647;
			files = (
				046135741A7EEA030065F0D4 /* ViewController.m in Sources */,
				046135941A7EEA4E0065F0D4 /* MUGToasterView.m in Sources */,
				046135711A7EEA030065F0D4 /* AppDelegate.m in Sources */,
				0461356E1A7EEA030065F0D4 /* main.m in Sources */,
			);
			runOnlyForDeploymentPostprocessing = 0;
		};
		0461357D1A7EEA030065F0D4 /* Sources */ = {
			isa = PBXSourcesBuildPhase;
			buildActionMask = 2147483647;
			files = (
				046135881A7EEA030065F0D4 /* MUGToasterViewExampleTests.m in Sources */,
			);
			runOnlyForDeploymentPostprocessing = 0;
		};
/* End PBXSourcesBuildPhase section */

/* Begin PBXTargetDependency section */
		046135831A7EEA030065F0D4 /* PBXTargetDependency */ = {
			isa = PBXTargetDependency;
			target = 046135671A7EEA030065F0D4 /* MUGToasterViewExample */;
			targetProxy = 046135821A7EEA030065F0D4 /* PBXContainerItemProxy */;
		};
/* End PBXTargetDependency section */

/* Begin PBXVariantGroup section */
		046135751A7EEA030065F0D4 /* Main.storyboard */ = {
			isa = PBXVariantGroup;
			children = (
				046135761A7EEA030065F0D4 /* Base */,
			);
			name = Main.storyboard;
			sourceTree = "<group>";
		};
		0461357A1A7EEA030065F0D4 /* LaunchScreen.xib */ = {
			isa = PBXVariantGroup;
			children = (
				0461357B1A7EEA030065F0D4 /* Base */,
			);
			name = LaunchScreen.xib;
			sourceTree = "<group>";
		};
/* End PBXVariantGroup section */

/* Begin XCBuildConfiguration section */
		046135891A7EEA030065F0D4 /* Debug */ = {
			isa = XCBuildConfiguration;
			buildSettings = {
				ALWAYS_SEARCH_USER_PATHS = NO;
				CLANG_CXX_LANGUAGE_STANDARD = "gnu++0x";
				CLANG_CXX_LIBRARY = "libc++";
				CLANG_ENABLE_MODULES = YES;
				CLANG_ENABLE_OBJC_ARC = YES;
				CLANG_WARN_BOOL_CONVERSION = YES;
				CLANG_WARN_CONSTANT_CONVERSION = YES;
				CLANG_WARN_DIRECT_OBJC_ISA_USAGE = YES_ERROR;
				CLANG_WARN_EMPTY_BODY = YES;
				CLANG_WARN_ENUM_CONVERSION = YES;
				CLANG_WARN_INT_CONVERSION = YES;
				CLANG_WARN_OBJC_ROOT_CLASS = YES_ERROR;
				CLANG_WARN_UNREACHABLE_CODE = YES;
				CLANG_WARN__DUPLICATE_METHOD_MATCH = YES;
				"CODE_SIGN_IDENTITY[sdk=iphoneos*]" = "iPhone Developer";
				COPY_PHASE_STRIP = NO;
				ENABLE_STRICT_OBJC_MSGSEND = YES;
				GCC_C_LANGUAGE_STANDARD = gnu99;
				GCC_DYNAMIC_NO_PIC = NO;
				GCC_OPTIMIZATION_LEVEL = 0;
				GCC_PREPROCESSOR_DEFINITIONS = (
					"DEBUG=1",
					"$(inherited)",
				);
				GCC_SYMBOLS_PRIVATE_EXTERN = NO;
				GCC_WARN_64_TO_32_BIT_CONVERSION = YES;
				GCC_WARN_ABOUT_RETURN_TYPE = YES_ERROR;
				GCC_WARN_UNDECLARED_SELECTOR = YES;
				GCC_WARN_UNINITIALIZED_AUTOS = YES_AGGRESSIVE;
				GCC_WARN_UNUSED_FUNCTION = YES;
				GCC_WARN_UNUSED_VARIABLE = YES;
				IPHONEOS_DEPLOYMENT_TARGET = 8.1;
				MTL_ENABLE_DEBUG_INFO = YES;
				ONLY_ACTIVE_ARCH = YES;
				SDKROOT = iphoneos;
			};
			name = Debug;
		};
		0461358A1A7EEA030065F0D4 /* Release */ = {
			isa = XCBuildConfiguration;
			buildSettings = {
				ALWAYS_SEARCH_USER_PATHS = NO;
				CLANG_CXX_LANGUAGE_STANDARD = "gnu++0x";
				CLANG_CXX_LIBRARY = "libc++";
				CLANG_ENABLE_MODULES = YES;
				CLANG_ENABLE_OBJC_ARC = YES;
				CLANG_WARN_BOOL_CONVERSION = YES;
				CLANG_WARN_CONSTANT_CONVERSION = YES;
				CLANG_WARN_DIRECT_OBJC_ISA_USAGE = YES_ERROR;
				CLANG_WARN_EMPTY_BODY = YES;
				CLANG_WARN_ENUM_CONVERSION = YES;
				CLANG_WARN_INT_CONVERSION = YES;
				CLANG_WARN_OBJC_ROOT_CLASS = YES_ERROR;
				CLANG_WARN_UNREACHABLE_CODE = YES;
				CLANG_WARN__DUPLICATE_METHOD_MATCH = YES;
				"CODE_SIGN_IDENTITY[sdk=iphoneos*]" = "iPhone Developer";
				COPY_PHASE_STRIP = YES;
				ENABLE_NS_ASSERTIONS = NO;
				ENABLE_STRICT_OBJC_MSGSEND = YES;
				GCC_C_LANGUAGE_STANDARD = gnu99;
				GCC_WARN_64_TO_32_BIT_CONVERSION = YES;
				GCC_WARN_ABOUT_RETURN_TYPE = YES_ERROR;
				GCC_WARN_UNDECLARED_SELECTOR = YES;
				GCC_WARN_UNINITIALIZED_AUTOS = YES_AGGRESSIVE;
				GCC_WARN_UNUSED_FUNCTION = YES;
				GCC_WARN_UNUSED_VARIABLE = YES;
				IPHONEOS_DEPLOYMENT_TARGET = 8.1;
				MTL_ENABLE_DEBUG_INFO = NO;
				SDKROOT = iphoneos;
				VALIDATE_PRODUCT = YES;
			};
			name = Release;
		};
		0461358C1A7EEA030065F0D4 /* Debug */ = {
			isa = XCBuildConfiguration;
			baseConfigurationReference = 370F91137A17A531747E3D95 /* Pods.debug.xcconfig */;
			buildSettings = {
				ASSETCATALOG_COMPILER_APPICON_NAME = AppIcon;
				INFOPLIST_FILE = MUGToasterViewExample/Info.plist;
				LD_RUNPATH_SEARCH_PATHS = "$(inherited) @executable_path/Frameworks";
				PRODUCT_NAME = "$(TARGET_NAME)";
			};
			name = Debug;
		};
		0461358D1A7EEA030065F0D4 /* Release */ = {
			isa = XCBuildConfiguration;
			baseConfigurationReference = 40D40608BA5E1165784F064B /* Pods.release.xcconfig */;
			buildSettings = {
				ASSETCATALOG_COMPILER_APPICON_NAME = AppIcon;
				INFOPLIST_FILE = MUGToasterViewExample/Info.plist;
				LD_RUNPATH_SEARCH_PATHS = "$(inherited) @executable_path/Frameworks";
				PRODUCT_NAME = "$(TARGET_NAME)";
			};
			name = Release;
		};
		0461358F1A7EEA030065F0D4 /* Debug */ = {
			isa = XCBuildConfiguration;
			buildSettings = {
				BUNDLE_LOADER = "$(TEST_HOST)";
				FRAMEWORK_SEARCH_PATHS = (
					"$(SDKROOT)/Developer/Library/Frameworks",
					"$(inherited)",
				);
				GCC_PREPROCESSOR_DEFINITIONS = (
					"DEBUG=1",
					"$(inherited)",
				);
				INFOPLIST_FILE = MUGToasterViewExampleTests/Info.plist;
				LD_RUNPATH_SEARCH_PATHS = "$(inherited) @executable_path/Frameworks @loader_path/Frameworks";
				PRODUCT_NAME = "$(TARGET_NAME)";
				TEST_HOST = "$(BUILT_PRODUCTS_DIR)/MUGToasterViewExample.app/MUGToasterViewExample";
			};
			name = Debug;
		};
		046135901A7EEA030065F0D4 /* Release */ = {
			isa = XCBuildConfiguration;
			buildSettings = {
				BUNDLE_LOADER = "$(TEST_HOST)";
				FRAMEWORK_SEARCH_PATHS = (
					"$(SDKROOT)/Developer/Library/Frameworks",
					"$(inherited)",
				);
				INFOPLIST_FILE = MUGToasterViewExampleTests/Info.plist;
				LD_RUNPATH_SEARCH_PATHS = "$(inherited) @executable_path/Frameworks @loader_path/Frameworks";
				PRODUCT_NAME = "$(TARGET_NAME)";
				TEST_HOST = "$(BUILT_PRODUCTS_DIR)/MUGToasterViewExample.app/MUGToasterViewExample";
			};
			name = Release;
		};
/* End XCBuildConfiguration section */

/* Begin XCConfigurationList section */
		046135631A7EEA030065F0D4 /* Build configuration list for PBXProject "MUGToasterViewExample" */ = {
			isa = XCConfigurationList;
			buildConfigurations = (
				046135891A7EEA030065F0D4 /* Debug */,
				0461358A1A7EEA030065F0D4 /* Release */,
			);
			defaultConfigurationIsVisible = 0;
			defaultConfigurationName = Release;
		};
		0461358B1A7EEA030065F0D4 /* Build configuration list for PBXNativeTarget "MUGToasterViewExample" */ = {
			isa = XCConfigurationList;
			buildConfigurations = (
				0461358C1A7EEA030065F0D4 /* Debug */,
				0461358D1A7EEA030065F0D4 /* Release */,
			);
			defaultConfigurationIsVisible = 0;
			defaultConfigurationName = Release;
		};
		0461358E1A7EEA030065F0D4 /* Build configuration list for PBXNativeTarget "MUGToasterViewExampleTests" */ = {
			isa = XCConfigurationList;
			buildConfigurations = (
				0461358F1A7EEA030065F0D4 /* Debug */,
				046135901A7EEA030065F0D4 /* Release */,
			);
			defaultConfigurationIsVisible = 0;
			defaultConfigurationName = Release;
		};
/* End XCConfigurationList section */
	};
	rootObject = 046135601A7EEA030065F0D4 /* Project object */;
}
